
Microsoft Visual Studio Solution File, Format Version 12.00
# Visual Studio 15
VisualStudioVersion = 15.0.26430.15
MinimumVisualStudioVersion = 10.0.40219.1
Project("{9092AA53-FB77-4645-B42D-1CCCA6BD08BD}") = "Refuge", "Refuge\Refuge.njsproj", "{E1194863-C3B6-45EE-854A-6F38D785578F}"
EndProject
Project("{00D1A9C2-B5F0-4AF3-8072-F6C62B433612}") = "RefugeDB", "RefugeDB\RefugeDB.sqlproj", "{4AEA062D-4DBA-4235-AD31-22977405012D}"
EndProject
Global
	GlobalSection(SolutionConfigurationPlatforms) = preSolution
		Debug|Any CPU = Debug|Any CPU
		Release|Any CPU = Release|Any CPU
	EndGlobalSection
	GlobalSection(ProjectConfigurationPlatforms) = postSolution
		{E1194863-C3B6-45EE-854A-6F38D785578F}.Debug|Any CPU.ActiveCfg = Debug|Any CPU
		{E1194863-C3B6-45EE-854A-6F38D785578F}.Debug|Any CPU.Build.0 = Debug|Any CPU
		{E1194863-C3B6-45EE-854A-6F38D785578F}.Release|Any CPU.ActiveCfg = Release|Any CPU
		{E1194863-C3B6-45EE-854A-6F38D785578F}.Release|Any CPU.Build.0 = Release|Any CPU
		{4AEA062D-4DBA-4235-AD31-22977405012D}.Debug|Any CPU.ActiveCfg = Debug|Any CPU
		{4AEA062D-4DBA-4235-AD31-22977405012D}.Debug|Any CPU.Build.0 = Debug|Any CPU
		{4AEA062D-4DBA-4235-AD31-22977405012D}.Debug|Any CPU.Deploy.0 = Debug|Any CPU
		{4AEA062D-4DBA-4235-AD31-22977405012D}.Release|Any CPU.ActiveCfg = Release|Any CPU
		{4AEA062D-4DBA-4235-AD31-22977405012D}.Release|Any CPU.Build.0 = Release|Any CPU
		{4AEA062D-4DBA-4235-AD31-22977405012D}.Release|Any CPU.Deploy.0 = Release|Any CPU
	EndGlobalSection
	GlobalSection(SolutionProperties) = preSolution
		HideSolutionNode = FALSE
	EndGlobalSection
EndGlobal
